
Microsoft Visual Studio Solution File, Format Version 12.00
# Visual Studio Version 17
VisualStudioVersion = 17.13.35919.96 d17.13
MinimumVisualStudioVersion = 10.0.40219.1
Project("{FAE04EC0-301F-11D3-BF4B-00C04F79EFBC}") = "OOP_Exercise", "OOP_Exercise\OOP_Exercise.csproj", "{C0CC4DB9-A4C4-49C1-9175-664A258258D0}"
EndProject
Global
	GlobalSection(SolutionConfigurationPlatforms) = preSolution
		Debug|Any CPU = Debug|Any CPU
		Release|Any CPU = Release|Any CPU
	EndGlobalSection
	GlobalSection(ProjectConfigurationPlatforms) = postSolution
		{C0CC4DB9-A4C4-49C1-9175-664A258258D0}.Debug|Any CPU.ActiveCfg = Debug|Any CPU
		{C0CC4DB9-A4C4-49C1-9175-664A258258D0}.Debug|Any CPU.Build.0 = Debug|Any CPU
		{C0CC4DB9-A4C4-49C1-9175-664A258258D0}.Release|Any CPU.ActiveCfg = Release|Any CPU
		{C0CC4DB9-A4C4-49C1-9175-664A258258D0}.Release|Any CPU.Build.0 = Release|Any CPU
	EndGlobalSection
	GlobalSection(SolutionProperties) = preSolution
		HideSolutionNode = FALSE
	EndGlobalSection
	GlobalSection(ExtensibilityGlobals) = postSolution
		SolutionGuid = {D72D814A-F132-4E63-ADAD-DE28C5AE206C}
	EndGlobalSection
EndGlobal
